{
  "name": "design.plone.theme",
  "version": "1.0.0",
  "lockfileVersion": 1,
  "requires": true,
  "dependencies": {
    "@fortawesome/fontawesome": {
      "version": "1.1.8",
      "resolved": "https://registry.npmjs.org/@fortawesome/fontawesome/-/fontawesome-1.1.8.tgz",
      "integrity": "sha512-c0/MtkPVT0fmiFcCyYoPjkG9PkMOvfrZw2+0BaJ+Rh6UEcK1AR/LaRgrHHjUkbAbs9LXxQJhFS8CJ4uSnK2+JA==",
      "requires": {
        "@fortawesome/fontawesome-common-types": "^0.1.7"
      }
    },
    "@fortawesome/fontawesome-common-types": {
      "version": "0.1.7",
      "resolved": "https://registry.npmjs.org/@fortawesome/fontawesome-common-types/-/fontawesome-common-types-0.1.7.tgz",
      "integrity": "sha512-ego8jRVSHfq/iq4KRZJKQeUAdi3ZjGNrqw4oPN3fNdvTBnLCSntwVCnc37bsAJP9UB8MhrTfPnZYxkv2vpS4pg=="
    },
    "@fortawesome/fontawesome-free-brands": {
      "version": "5.0.13",
      "resolved": "https://registry.npmjs.org/@fortawesome/fontawesome-free-brands/-/fontawesome-free-brands-5.0.13.tgz",
      "integrity": "sha512-xC/sEPpfcJPvUbud2GyscLCLQlE2DVBYaTHVwuyVGliYBdYejSEYMINU8FN5A0xhO68yCbpCfMlBv6Gqby+jww==",
      "requires": {
        "@fortawesome/fontawesome-common-types": "^0.1.7"
      }
    },
    "@fortawesome/fontawesome-free-regular": {
      "version": "5.0.13",
      "resolved": "https://registry.npmjs.org/@fortawesome/fontawesome-free-regular/-/fontawesome-free-regular-5.0.13.tgz",
      "integrity": "sha512-36lz9Idww1L4QaaTcv7GZiOeIP9emJFDUsedvRovI10kmwyd6rN0PKkIjnq0FB4foLhX4Rou8vnbCCmjtqiLug==",
      "requires": {
        "@fortawesome/fontawesome-common-types": "^0.1.7"
      }
    },
    "@fortawesome/fontawesome-free-solid": {
      "version": "5.0.13",
      "resolved": "https://registry.npmjs.org/@fortawesome/fontawesome-free-solid/-/fontawesome-free-solid-5.0.13.tgz",
      "integrity": "sha512-b+krVnqkdDt52Yfev0x0ZZgtxBQsLw00Zfa3uaVWIDzpNZVtrEXuxldUSUaN/ihgGhSNi8VpvDAdNPVgCKOSxw==",
      "requires": {
        "@fortawesome/fontawesome-common-types": "^0.1.7"
      }
    },
    "bootstrap": {
      "version": "3.4.1",
      "resolved": "https://registry.npmjs.org/bootstrap/-/bootstrap-3.4.1.tgz",
      "integrity": "sha512-yN5oZVmRCwe5aKwzRj6736nSmKDX7pLYwsXiCj/EYmo16hODaBiT4En5btW/jhBF/seV+XMx3aYwukYC3A49DA=="
    },
    "ellipsed": {
      "version": "1.4.2",
      "resolved": "https://registry.npmjs.org/ellipsed/-/ellipsed-1.4.2.tgz",
      "integrity": "sha512-aIPzsVGO2Efr7PmAJ8iNkUIBf9mee1ypgEBYngT8hBaMmW+koaXs3+R4s7ayTEk5AY9JeIk+HSYw3KUMNxzNNw=="
    }
  }
}
