# THIS IS AN AUTOGENERATED FILE. DO NOT EDIT THIS FILE DIRECTLY.
# yarn lockfile v1


"@fortawesome/fontawesome-common-types@^0.1.2":
  version "0.1.2"
  resolved "https://npm.fontawesome.com/CFAAB40E-E82B-4A4B-AA70-9653591FF85F/@fortawesome/fontawesome-common-types/-/fontawesome-common-types-0.1.2.tgz#d6aa075058f0c984d6e2ebcbc0052c1f7f9bea72"

"@fortawesome/fontawesome-free-brands@^5.0.6":
  version "5.0.6"
  resolved "https://npm.fontawesome.com/CFAAB40E-E82B-4A4B-AA70-9653591FF85F/@fortawesome/fontawesome-free-brands/-/fontawesome-free-brands-5.0.6.tgz#fee054ce0c4d74019020f6353ca85cfb408de719"
  dependencies:
    "@fortawesome/fontawesome-common-types" "^0.1.2"

"@fortawesome/fontawesome-free-regular@^5.0.6":
  version "5.0.6"
  resolved "https://npm.fontawesome.com/CFAAB40E-E82B-4A4B-AA70-9653591FF85F/@fortawesome/fontawesome-free-regular/-/fontawesome-free-regular-5.0.6.tgz#fafc624025a247c1a1bbb5080b9902a490cd79f5"
  dependencies:
    "@fortawesome/fontawesome-common-types" "^0.1.2"

"@fortawesome/fontawesome-free-solid@^5.0.6":
  version "5.0.6"
  resolved "https://npm.fontawesome.com/CFAAB40E-E82B-4A4B-AA70-9653591FF85F/@fortawesome/fontawesome-free-solid/-/fontawesome-free-solid-5.0.6.tgz#6bb5acdd081b03ab25b7684f7089b37ed3d20740"
  dependencies:
    "@fortawesome/fontawesome-common-types" "^0.1.2"

"@fortawesome/fontawesome@^1.1.3":
  version "1.1.3"
  resolved "https://npm.fontawesome.com/CFAAB40E-E82B-4A4B-AA70-9653591FF85F/@fortawesome/fontawesome/-/fontawesome-1.1.3.tgz#7a4844345cbc7fb238f5f1788af73bd302ee9b80"
  dependencies:
    "@fortawesome/fontawesome-common-types" "^0.1.2"

bootstrap@^3.3.7:
  version "3.3.7"
  resolved "https://registry.yarnpkg.com/bootstrap/-/bootstrap-3.3.7.tgz#5a389394549f23330875a3b150656574f8a9eb71"

ellipsed@1.2.0:
  version "1.2.0"
  resolved "https://registry.yarnpkg.com/ellipsed/-/ellipsed-1.2.0.tgz#7d85d4d2adb84774ac3361f8246ac1d87bb50724"
